
Microsoft Visual Studio Solution File, Format Version 12.00
# Visual Studio Version 16
VisualStudioVersion = 16.0.32002.261
MinimumVisualStudioVersion = 10.0.40219.1
Project("{FAE04EC0-301F-11D3-BF4B-00C04F79EFBC}") = "TricoBravo", "TricoBravo\TricoBravo.csproj", "{121A797F-73FA-4D3A-BBA0-D6087ACB46C8}"
EndProject
Project("{FAE04EC0-301F-11D3-BF4B-00C04F79EFBC}") = "TricoBravo.EventBus", "TricoBravo.EventBus\TricoBravo.EventBus.csproj", "{38F8070D-F036-42D1-9246-DEFC6BDAD173}"
EndProject
Project("{FAE04EC0-301F-11D3-BF4B-00C04F79EFBC}") = "TricoBravo.Bll", "TricoBravo.Bll\TricoBravo.Bll.csproj", "{F97063D7-67DB-44BD-B7A9-6F5F03918B55}"
EndProject
Project("{FAE04EC0-301F-11D3-BF4B-00C04F79EFBC}") = "TricoBravo.Bll.Infra", "TricoBravo.Bll.Infra\TricoBravo.Bll.Infra.csproj", "{4F46857A-D5FD-4231-BF6A-5EDB38154356}"
EndProject
Project("{FAE04EC0-301F-11D3-BF4B-00C04F79EFBC}") = "TricoBravo.Dal", "TricoBravo.Dal\TricoBravo.Dal.csproj", "{E2D03A31-9A81-4FDA-9BAA-5280C41CB8AD}"
EndProject
Project("{FAE04EC0-301F-11D3-BF4B-00C04F79EFBC}") = "TricoBravo.Dal.Infra", "TricoBravo.Dal.Infra\TricoBravo.Dal.Infra.csproj", "{F63F676E-3800-41AD-A7C6-EA0F7960EE99}"
EndProject
Project("{FAE04EC0-301F-11D3-BF4B-00C04F79EFBC}") = "TricoBravo.Dal.PostgreSQL", "TricoBravo.Dal.PostgreSQL\TricoBravo.Dal.PostgreSQL.csproj", "{C9EC0872-9389-4036-9470-9E8B6C5F8D59}"
EndProject
Project("{FAE04EC0-301F-11D3-BF4B-00C04F79EFBC}") = "TricoBravo.Dal.Oracle", "TricoBravo.Dal.Oracle\TricoBravo.Dal.Oracle.csproj", "{93D2D33F-9185-490A-A12A-92317C20B548}"
EndProject
Global
	GlobalSection(SolutionConfigurationPlatforms) = preSolution
		Debug|Any CPU = Debug|Any CPU
		Release|Any CPU = Release|Any CPU
	EndGlobalSection
	GlobalSection(ProjectConfigurationPlatforms) = postSolution
		{121A797F-73FA-4D3A-BBA0-D6087ACB46C8}.Debug|Any CPU.ActiveCfg = Debug|Any CPU
		{121A797F-73FA-4D3A-BBA0-D6087ACB46C8}.Debug|Any CPU.Build.0 = Debug|Any CPU
		{121A797F-73FA-4D3A-BBA0-D6087ACB46C8}.Release|Any CPU.ActiveCfg = Release|Any CPU
		{121A797F-73FA-4D3A-BBA0-D6087ACB46C8}.Release|Any CPU.Build.0 = Release|Any CPU
		{38F8070D-F036-42D1-9246-DEFC6BDAD173}.Debug|Any CPU.ActiveCfg = Debug|Any CPU
		{38F8070D-F036-42D1-9246-DEFC6BDAD173}.Debug|Any CPU.Build.0 = Debug|Any CPU
		{38F8070D-F036-42D1-9246-DEFC6BDAD173}.Release|Any CPU.ActiveCfg = Release|Any CPU
		{38F8070D-F036-42D1-9246-DEFC6BDAD173}.Release|Any CPU.Build.0 = Release|Any CPU
		{F97063D7-67DB-44BD-B7A9-6F5F03918B55}.Debug|Any CPU.ActiveCfg = Debug|Any CPU
		{F97063D7-67DB-44BD-B7A9-6F5F03918B55}.Debug|Any CPU.Build.0 = Debug|Any CPU
		{F97063D7-67DB-44BD-B7A9-6F5F03918B55}.Release|Any CPU.ActiveCfg = Release|Any CPU
		{F97063D7-67DB-44BD-B7A9-6F5F03918B55}.Release|Any CPU.Build.0 = Release|Any CPU
		{4F46857A-D5FD-4231-BF6A-5EDB38154356}.Debug|Any CPU.ActiveCfg = Debug|Any CPU
		{4F46857A-D5FD-4231-BF6A-5EDB38154356}.Debug|Any CPU.Build.0 = Debug|Any CPU
		{4F46857A-D5FD-4231-BF6A-5EDB38154356}.Release|Any CPU.ActiveCfg = Release|Any CPU
		{4F46857A-D5FD-4231-BF6A-5EDB38154356}.Release|Any CPU.Build.0 = Release|Any CPU
		{E2D03A31-9A81-4FDA-9BAA-5280C41CB8AD}.Debug|Any CPU.ActiveCfg = Debug|Any CPU
		{E2D03A31-9A81-4FDA-9BAA-5280C41CB8AD}.Debug|Any CPU.Build.0 = Debug|Any CPU
		{E2D03A31-9A81-4FDA-9BAA-5280C41CB8AD}.Release|Any CPU.ActiveCfg = Release|Any CPU
		{E2D03A31-9A81-4FDA-9BAA-5280C41CB8AD}.Release|Any CPU.Build.0 = Release|Any CPU
		{F63F676E-3800-41AD-A7C6-EA0F7960EE99}.Debug|Any CPU.ActiveCfg = Debug|Any CPU
		{F63F676E-3800-41AD-A7C6-EA0F7960EE99}.Debug|Any CPU.Build.0 = Debug|Any CPU
		{F63F676E-3800-41AD-A7C6-EA0F7960EE99}.Release|Any CPU.ActiveCfg = Release|Any CPU
		{F63F676E-3800-41AD-A7C6-EA0F7960EE99}.Release|Any CPU.Build.0 = Release|Any CPU
		{C9EC0872-9389-4036-9470-9E8B6C5F8D59}.Debug|Any CPU.ActiveCfg = Debug|Any CPU
		{C9EC0872-9389-4036-9470-9E8B6C5F8D59}.Debug|Any CPU.Build.0 = Debug|Any CPU
		{C9EC0872-9389-4036-9470-9E8B6C5F8D59}.Release|Any CPU.ActiveCfg = Release|Any CPU
		{C9EC0872-9389-4036-9470-9E8B6C5F8D59}.Release|Any CPU.Build.0 = Release|Any CPU
		{93D2D33F-9185-490A-A12A-92317C20B548}.Debug|Any CPU.ActiveCfg = Debug|Any CPU
		{93D2D33F-9185-490A-A12A-92317C20B548}.Debug|Any CPU.Build.0 = Debug|Any CPU
		{93D2D33F-9185-490A-A12A-92317C20B548}.Release|Any CPU.ActiveCfg = Release|Any CPU
		{93D2D33F-9185-490A-A12A-92317C20B548}.Release|Any CPU.Build.0 = Release|Any CPU
	EndGlobalSection
	GlobalSection(SolutionProperties) = preSolution
		HideSolutionNode = FALSE
	EndGlobalSection
	GlobalSection(ExtensibilityGlobals) = postSolution
		SolutionGuid = {D26365E1-CCE6-4EC8-B4CF-A0D8CB8021B6}
	EndGlobalSection
EndGlobal
